<?xml version="1.0" encoding="utf-8"?>
<Project ToolsVersion="4.0" xmlns="http://schemas.microsoft.com/developer/msbuild/2003">
  <ItemGroup>
    <Filter Include="Source Files">
      <UniqueIdentifier>{4FC737F1-C7A5-4376-A066-2A32D752A2FF}</UniqueIdentifier>
      <Extensions>cpp;c;cc;cxx;def;odl;idl;hpj;bat;asm;asmx</Extensions>
    </Filter>
    <Filter Include="Header Files">
      <UniqueIdentifier>{93995380-89BD-4b04-88EB-625FBE52EBFB}</UniqueIdentifier>
      <Extensions>h;hh;hpp;hxx;hm;inl;inc;ipp;xsd</Extensions>
    </Filter>
    <Filter Include="Resource Files">
      <UniqueIdentifier>{67DA6AB6-F800-4c08-8B7A-83BB121AAD01}</UniqueIdentifier>
      <Extensions>rc;ico;cur;bmp;dlg;rc2;rct;bin;rgs;gif;jpg;jpeg;jpe;resx;tiff;tif;png;wav;mfcribbon-ms</Extensions>
    </Filter>
  </ItemGroup>
  <ItemGroup>
    <ClInclude Include="stdafx.h">
      <Filter>Header Files</Filter>
    </ClInclude>
    <ClInclude Include="targetver.h">
      <Filter>Header Files</Filter>
    </ClInclude>
    <ClInclude Include="Q0001_TwoSum.h">
      <Filter>Header Files</Filter>
    </ClInclude>
    <ClInclude Include="Q0015_threeSum.h">
      <Filter>Header Files</Filter>
    </ClInclude>
    <ClInclude Include="DebugUtils.h">
      <Filter>Header Files</Filter>
    </ClInclude>
    <ClInclude Include="Q0005_longestPalindrome.h">
      <Filter>Header Files</Filter>
    </ClInclude>
    <ClInclude Include="Practice_Recursive2Iterative.h">
      <Filter>Header Files</Filter>
    </ClInclude>
    <ClInclude Include="Q0007_ReverseInteger.h">
      <Filter>Header Files</Filter>
    </ClInclude>
    <ClInclude Include="Q0004_MedianOfTwoSortedArray.h">
      <Filter>Header Files</Filter>
    </ClInclude>
    <ClInclude Include="Q0011_ContainerWithMostwater.h">
      <Filter>Header Files</Filter>
    </ClInclude>
    <ClInclude Include="Q0014_LongestCommonPrefix.h">
      <Filter>Header Files</Filter>
    </ClInclude>
    <ClInclude Include="Q0013_RomanToInteger.h">
      <Filter>Header Files</Filter>
    </ClInclude>
    <ClInclude Include="Q0207_CourseSchedule.h">
      <Filter>Header Files</Filter>
    </ClInclude>
    <ClInclude Include="Q0141_LinkedListCycle.h">
      <Filter>Header Files</Filter>
    </ClInclude>
    <ClInclude Include="Q0046_Permutations.h">
      <Filter>Header Files</Filter>
    </ClInclude>
    <ClInclude Include="Q0054_SpiralMatrix.h">
      <Filter>Header Files</Filter>
    </ClInclude>
    <ClInclude Include="Q0127_WordLadder.h">
      <Filter>Header Files</Filter>
    </ClInclude>
    <ClInclude Include="Q0020_ValidParentheses.h">
      <Filter>Header Files</Filter>
    </ClInclude>
    <ClInclude Include="Q0084_LargestRectangleInHistogram.h">
      <Filter>Header Files</Filter>
    </ClInclude>
    <ClInclude Include="Q0118_PascalTriangle.h">
      <Filter>Header Files</Filter>
    </ClInclude>
    <ClInclude Include="Q0034_FindFirstAndLastPositionOfElementInSortedArray.h">
      <Filter>Header Files</Filter>
    </ClInclude>
    <ClInclude Include="Q0138_CopyListWithRandomPointer.h">
      <Filter>Header Files</Filter>
    </ClInclude>
    <ClInclude Include="Q0279_PerfectSquares.h">
      <Filter>Header Files</Filter>
    </ClInclude>
  </ItemGroup>
  <ItemGroup>
    <ClCompile Include="stdafx.cpp">
      <Filter>Source Files</Filter>
    </ClCompile>
    <ClCompile Include="LeetCode.cpp">
      <Filter>Source Files</Filter>
    </ClCompile>
    <ClCompile Include="DebugUtils.cpp">
      <Filter>Source Files</Filter>
    </ClCompile>
  </ItemGroup>
</Project>