<?xml version="1.0" encoding="utf-8"?>
<Project ToolsVersion="4.0" xmlns="http://schemas.microsoft.com/developer/msbuild/2003">
  <ItemGroup>
    <Filter Include="Source Files">
      <UniqueIdentifier>{4FC737F1-C7A5-4376-A066-2A32D752A2FF}</UniqueIdentifier>
      <Extensions>cpp;c;cc;cxx;def;odl;idl;hpj;bat;asm;asmx</Extensions>
    </Filter>
    <Filter Include="Header Files">
      <UniqueIdentifier>{93995380-89BD-4b04-88EB-625FBE52EBFB}</UniqueIdentifier>
      <Extensions>h;hh;hpp;hxx;hm;inl;inc;ipp;xsd</Extensions>
    </Filter>
    <Filter Include="Resource Files">
      <UniqueIdentifier>{67DA6AB6-F800-4c08-8B7A-83BB121AAD01}</UniqueIdentifier>
      <Extensions>rc;ico;cur;bmp;dlg;rc2;rct;bin;rgs;gif;jpg;jpeg;jpe;resx;tiff;tif;png;wav;mfcribbon-ms</Extensions>
    </Filter>
  </ItemGroup>
  <ItemGroup>
    <ClInclude Include="stdafx.h">
      <Filter>Header Files</Filter>
    </ClInclude>
    <ClInclude Include="targetver.h">
      <Filter>Header Files</Filter>
    </ClInclude>
    <ClInclude Include="Q0001_TwoSum.h">
      <Filter>Header Files</Filter>
    </ClInclude>
    <ClInclude Include="Q0015_threeSum.h">
      <Filter>Header Files</Filter>
    </ClInclude>
    <ClInclude Include="DebugUtils.h">
      <Filter>Header Files</Filter>
    </ClInclude>
    <ClInclude Include="Q0005_longestPalindrome.h">
      <Filter>Header Files</Filter>
    </ClInclude>
    <ClInclude Include="Practice_Recursive2Iterative.h">
      <Filter>Header Files</Filter>
    </ClInclude>
    <ClInclude Include="Q0007_ReverseInteger.h">
      <Filter>Header Files</Filter>
    </ClInclude>
    <ClInclude Include="Q0004_MedianOfTwoSortedArray.h">
      <Filter>Header Files</Filter>
    </ClInclude>
    <ClInclude Include="Q0011_ContainerWithMostwater.h">
      <Filter>Header Files</Filter>
    </ClInclude>
    <ClInclude Include="Q0014_LongestCommonPrefix.h">
      <Filter>Header Files</Filter>
    </ClInclude>
    <ClInclude Include="Q0013_RomanToInteger.h">
      <Filter>Header Files</Filter>
    </ClInclude>
    <ClInclude Include="Q0207_CourseSchedule.h">
      <Filter>Header Files</Filter>
    </ClInclude>
    <ClInclude Include="Q0141_LinkedListCycle.h">
      <Filter>Header Files</Filter>
    </ClInclude>
    <ClInclude Include="Q0046_Permutations.h">
      <Filter>Header Files</Filter>
    </ClInclude>
    <ClInclude Include="Q0054_SpiralMatrix.h">
      <Filter>Header Files</Filter>
    </ClInclude>
    <ClInclude Include="Q0127_WordLadder.h">
      <Filter>Header Files</Filter>
    </ClInclude>
    <ClInclude Include="Q0020_ValidParentheses.h">
      <Filter>Header Files</Filter>
    </ClInclude>
    <ClInclude Include="Q0084_LargestRectangleInHistogram.h">
      <Filter>Header Files</Filter>
    </ClInclude>
    <ClInclude Include="Q0118_PascalTriangle.h">
      <Filter>Header Files</Filter>
    </ClInclude>
    <ClInclude Include="Q0034_FindFirstAndLastPositionOfElementInSortedArray.h">
      <Filter>Header Files</Filter>
    </ClInclude>
    <ClInclude Include="Q0138_CopyListWithRandomPointer.h">
      <Filter>Header Files</Filter>
    </ClInclude>
    <ClInclude Include="Q0279_PerfectSquares.h">
      <Filter>Header Files</Filter>
    </ClInclude>
    <ClInclude Include="Q0125_ValidPalindrome.h">
      <Filter>Header Files</Filter>
    </ClInclude>
    <ClInclude Include="Q0179_LargestNumber.h">
      <Filter>Header Files</Filter>
    </ClInclude>
    <ClInclude Include="Q0048_RotateImage.h">
      <Filter>Header Files</Filter>
    </ClInclude>
    <ClInclude Include="Q0162_FindPeakElement.h">
      <Filter>Header Files</Filter>
    </ClInclude>
    <ClInclude Include="Q0148_SortList.h">
      <Filter>Header Files</Filter>
    </ClInclude>
    <ClInclude Include="Q0322_CoinChange.h">
      <Filter>Header Files</Filter>
    </ClInclude>
    <ClInclude Include="Q0041_FirstMissingPositive.h">
      <Filter>Header Files</Filter>
    </ClInclude>
    <ClInclude Include="Q0019_RmNthNodeFromEndOfList.h">
      <Filter>Header Files</Filter>
    </ClInclude>
    <ClInclude Include="Q0130_SurroundedRegions.h">
      <Filter>Header Files</Filter>
    </ClInclude>
    <ClInclude Include="Q0036_ValidSudoku.h">
      <Filter>Header Files</Filter>
    </ClInclude>
    <ClInclude Include="Q0454_4Sum_II.h">
      <Filter>Header Files</Filter>
    </ClInclude>
    <ClInclude Include="Q0238_ProdOfArrayExceptSelf.h">
      <Filter>Header Files</Filter>
    </ClInclude>
    <ClInclude Include="Q0380_InsertDeleteGetRandomO1.h">
      <Filter>Header Files</Filter>
    </ClInclude>
    <ClInclude Include="Q0240_Search2DMatrixII.h">
      <Filter>Header Files</Filter>
    </ClInclude>
    <ClInclude Include="Q0155_MinStack.h">
      <Filter>Header Files</Filter>
    </ClInclude>
    <ClInclude Include="Q0102_BinaryTreeLevelOrderTraversal.h">
      <Filter>Header Files</Filter>
    </ClInclude>
    <ClInclude Include="TreeNode.h">
      <Filter>Header Files</Filter>
    </ClInclude>
    <ClInclude Include="ListNode.h">
      <Filter>Header Files</Filter>
    </ClInclude>
    <ClInclude Include="Q0023_MergeKSortedArray.h">
      <Filter>Header Files</Filter>
    </ClInclude>
    <ClInclude Include="Q0103_BinaryTreeZigzagLevelOrderTraversal.h">
      <Filter>Header Files</Filter>
    </ClInclude>
    <ClInclude Include="Q0029_DivideTwoIntegers.h">
      <Filter>Header Files</Filter>
    </ClInclude>
    <ClInclude Include="Q0062_UniquePaths.h">
      <Filter>Header Files</Filter>
    </ClInclude>
    <ClInclude Include="Q0395_LongestSubstrAtLeastKRepeatChar.h">
      <Filter>Header Files</Filter>
    </ClInclude>
    <ClInclude Include="Q0087_ScrambleString.h">
      <Filter>Header Files</Filter>
    </ClInclude>
    <ClInclude Include="Q0384_ShuffleAnArray.h">
      <Filter>Header Files</Filter>
    </ClInclude>
    <ClInclude Include="Q0128_LongestConsecutiveSeq.h">
      <Filter>Header Files</Filter>
    </ClInclude>
    <ClInclude Include="Q0152_MaximumProductSubarray.h">
      <Filter>Header Files</Filter>
    </ClInclude>
    <ClInclude Include="Q0069_SqrtX.h">
      <Filter>Header Files</Filter>
    </ClInclude>
    <ClInclude Include="Q0268_MissingNumber.h">
      <Filter>Header Files</Filter>
    </ClInclude>
    <ClInclude Include="Q0295_FindMedianFromDataStream.h">
      <Filter>Header Files</Filter>
    </ClInclude>
    <ClInclude Include="Q0189_RotateArray.h">
      <Filter>Header Files</Filter>
    </ClInclude>
    <ClInclude Include="Q0190_ReverseBits.h">
      <Filter>Header Files</Filter>
    </ClInclude>
    <ClInclude Include="Q0134_GasStation.h">
      <Filter>Header Files</Filter>
    </ClInclude>
    <ClInclude Include="Q0150_EvalReversePolishNotation.h">
      <Filter>Header Files</Filter>
    </ClInclude>
    <ClInclude Include="Q0300_LongestIncreasingSubsequence.h">
      <Filter>Header Files</Filter>
    </ClInclude>
    <ClInclude Include="Q0121_BestTimeToBuySellStock.h">
      <Filter>Header Files</Filter>
    </ClInclude>
    <ClInclude Include="Q0022_GenerateParentheses.h">
      <Filter>Header Files</Filter>
    </ClInclude>
    <ClInclude Include="Q0326_PowerOfThree.h">
      <Filter>Header Files</Filter>
    </ClInclude>
    <ClInclude Include="Q0324_WiggleSortII.h">
      <Filter>Header Files</Filter>
    </ClInclude>
    <ClInclude Include="Q0215_KthLargestElemInArray.h">
      <Filter>Header Files</Filter>
    </ClInclude>
    <ClInclude Include="Q0104_MaxDepthOfBinaryTree.h">
      <Filter>Header Files</Filter>
    </ClInclude>
    <ClInclude Include="Q0044_WildcardMatching.h">
      <Filter>Header Files</Filter>
    </ClInclude>
    <ClInclude Include="Q0166_FractionToRecurringDecimal.h">
      <Filter>Header Files</Filter>
    </ClInclude>
    <ClInclude Include="Q0105_ConstructBTreeFromPreInTrav.h">
      <Filter>Header Files</Filter>
    </ClInclude>
    <ClInclude Include="Q0028_ImplementStrStr.h">
      <Filter>Header Files</Filter>
    </ClInclude>
    <ClInclude Include="Q0168_MajorityElement.h">
      <Filter>Header Files</Filter>
    </ClInclude>
    <ClInclude Include="Q0124_BinTreeMaxPathSum.h">
      <Filter>Header Files</Filter>
    </ClInclude>
    <ClInclude Include="Q0050_Pow.h">
      <Filter>Header Files</Filter>
    </ClInclude>
    <ClInclude Include="Q0289_GameOfLife.h">
      <Filter>Header Files</Filter>
    </ClInclude>
    <ClInclude Include="Q0108_ConvertSortedArryToBST.h">
      <Filter>Header Files</Filter>
    </ClInclude>
    <ClInclude Include="Q0078_Subsets.h">
      <Filter>Header Files</Filter>
    </ClInclude>
    <ClInclude Include="Q0227_BasicCalcII.h">
      <Filter>Header Files</Filter>
    </ClInclude>
    <ClInclude Include="Q0347_TopKFrequentElem.h">
      <Filter>Header Files</Filter>
    </ClInclude>
    <ClInclude Include="Q0218_SkylineProblem.h">
      <Filter>Header Files</Filter>
    </ClInclude>
    <ClInclude Include="Q0206_ReverseLinkedList.h">
      <Filter>Header Files</Filter>
    </ClInclude>
    <ClInclude Include="Q0230_KthSmallestElemInBST.h">
      <Filter>Header Files</Filter>
    </ClInclude>
    <ClInclude Include="Q0076_MinWindowSubstr.h">
      <Filter>Header Files</Filter>
    </ClInclude>
    <ClInclude Include="Q0334_IncreaseTripletSubsequence.h">
      <Filter>Header Files</Filter>
    </ClInclude>
    <ClInclude Include="Q0329_LongestIncreasePathInMatrix.h">
      <Filter>Header Files</Filter>
    </ClInclude>
    <ClInclude Include="Q0482_LicenseKeyFormatting.h">
      <Filter>Header Files</Filter>
    </ClInclude>
    <ClInclude Include="Q0171_ExcelSheetColumnNum.h">
      <Filter>Header Files</Filter>
    </ClInclude>
    <ClInclude Include="Q0053_MaxSubarray.h">
      <Filter>Header Files</Filter>
    </ClInclude>
    <ClInclude Include="Q0008_StringToInteger.h">
      <Filter>Header Files</Filter>
    </ClInclude>
    <ClInclude Include="Q0208_ImplementTrie.h">
      <Filter>Header Files</Filter>
    </ClInclude>
    <ClInclude Include="Q0315_CountSmallerNumAfterSelf.h">
      <Filter>Header Files</Filter>
    </ClInclude>
    <ClInclude Include="Q0033_SearchInRotatedArray.h">
      <Filter>Header Files</Filter>
    </ClInclude>
    <ClInclude Include="Q0234_PalindromeLinedList.h">
      <Filter>Header Files</Filter>
    </ClInclude>
    <ClInclude Include="Q0042_TrappingRainWater.h">
      <Filter>Header Files</Filter>
    </ClInclude>
    <ClInclude Include="Q0139_WordBreak.h">
      <Filter>Header Files</Filter>
    </ClInclude>
  </ItemGroup>
  <ItemGroup>
    <ClCompile Include="stdafx.cpp">
      <Filter>Source Files</Filter>
    </ClCompile>
    <ClCompile Include="LeetCode.cpp">
      <Filter>Source Files</Filter>
    </ClCompile>
    <ClCompile Include="DebugUtils.cpp">
      <Filter>Source Files</Filter>
    </ClCompile>
  </ItemGroup>
</Project>